
Microsoft Visual Studio Solution File, Format Version 12.00
# Visual Studio Version 17
VisualStudioVersion = 17.1.32210.238
MinimumVisualStudioVersion = 10.0.40219.1
Project("{FAE04EC0-301F-11D3-BF4B-00C04F79EFBC}") = "RestTest", "RestTest\RestTest.csproj", "{AEC27CC5-19BF-426F-A5EA-09E731F42762}"
EndProject
Global
	GlobalSection(SolutionConfigurationPlatforms) = preSolution
		Debug|Any CPU = Debug|Any CPU
		Release|Any CPU = Release|Any CPU
	EndGlobalSection
	GlobalSection(ProjectConfigurationPlatforms) = postSolution
		{AEC27CC5-19BF-426F-A5EA-09E731F42762}.Debug|Any CPU.ActiveCfg = Debug|Any CPU
		{AEC27CC5-19BF-426F-A5EA-09E731F42762}.Debug|Any CPU.Build.0 = Debug|Any CPU
		{AEC27CC5-19BF-426F-A5EA-09E731F42762}.Release|Any CPU.ActiveCfg = Release|Any CPU
		{AEC27CC5-19BF-426F-A5EA-09E731F42762}.Release|Any CPU.Build.0 = Release|Any CPU
	EndGlobalSection
	GlobalSection(SolutionProperties) = preSolution
		HideSolutionNode = FALSE
	EndGlobalSection
	GlobalSection(ExtensibilityGlobals) = postSolution
		SolutionGuid = {EC9C3734-5035-4384-9D0D-EDF7B4EF2EC7}
	EndGlobalSection
EndGlobal
